
Microsoft Visual Studio Solution File, Format Version 12.00
# Visual Studio Version 16
VisualStudioVersion = 16.0.31321.278
MinimumVisualStudioVersion = 10.0.40219.1
Project("{FAE04EC0-301F-11D3-BF4B-00C04F79EFBC}") = "Synoptic Project Music Player", "Synoptic Project - Music Player\Synoptic Project Music Player.csproj", "{3AE7AD0A-3A06-42E2-BD8C-E4D0556FCB0E}"
EndProject
Global
	GlobalSection(SolutionConfigurationPlatforms) = preSolution
		Debug|Any CPU = Debug|Any CPU
		Release|Any CPU = Release|Any CPU
	EndGlobalSection
	GlobalSection(ProjectConfigurationPlatforms) = postSolution
		{3AE7AD0A-3A06-42E2-BD8C-E4D0556FCB0E}.Debug|Any CPU.ActiveCfg = Debug|Any CPU
		{3AE7AD0A-3A06-42E2-BD8C-E4D0556FCB0E}.Debug|Any CPU.Build.0 = Debug|Any CPU
		{3AE7AD0A-3A06-42E2-BD8C-E4D0556FCB0E}.Release|Any CPU.ActiveCfg = Release|Any CPU
		{3AE7AD0A-3A06-42E2-BD8C-E4D0556FCB0E}.Release|Any CPU.Build.0 = Release|Any CPU
	EndGlobalSection
	GlobalSection(SolutionProperties) = preSolution
		HideSolutionNode = FALSE
	EndGlobalSection
	GlobalSection(ExtensibilityGlobals) = postSolution
		SolutionGuid = {64B680CE-40F4-4EA4-8408-B28BFB640272}
	EndGlobalSection
EndGlobal
